
Microsoft Visual Studio Solution File, Format Version 12.00
# Visual Studio 15
Project("{FAE04EC0-301F-11D3-BF4B-00C04F79EFBC}") = "Assembly-CSharp", "Assembly-CSharp.csproj", "{11CBE14D-CD65-D1F9-F448-E4F20C7F944A}"
EndProject
Project("{FAE04EC0-301F-11D3-BF4B-00C04F79EFBC}") = "Assembly-CSharp-firstpass", "Assembly-CSharp-firstpass.csproj", "{5894B5DC-A150-F945-35E3-C17FA0F3FFDF}"
EndProject
Project("{FAE04EC0-301F-11D3-BF4B-00C04F79EFBC}") = "Assembly-CSharp-Editor", "Assembly-CSharp-Editor.csproj", "{18BA1D8C-6CBF-C35D-082E-1DAD4960C0FD}"
EndProject
Project("{FAE04EC0-301F-11D3-BF4B-00C04F79EFBC}") = "Assembly-CSharp-Editor-firstpass", "Assembly-CSharp-Editor-firstpass.csproj", "{2F78AEDE-CD16-B2DC-591A-5B25519BCC51}"
EndProject
Global
	GlobalSection(SolutionConfigurationPlatforms) = preSolution
		Debug|Any CPU = Debug|Any CPU
		Release|Any CPU = Release|Any CPU
	EndGlobalSection
	GlobalSection(ProjectConfigurationPlatforms) = postSolution
		{11CBE14D-CD65-D1F9-F448-E4F20C7F944A}.Debug|Any CPU.ActiveCfg = Debug|Any CPU
		{11CBE14D-CD65-D1F9-F448-E4F20C7F944A}.Debug|Any CPU.Build.0 = Debug|Any CPU
		{11CBE14D-CD65-D1F9-F448-E4F20C7F944A}.Release|Any CPU.ActiveCfg = Release|Any CPU
		{11CBE14D-CD65-D1F9-F448-E4F20C7F944A}.Release|Any CPU.Build.0 = Release|Any CPU
		{5894B5DC-A150-F945-35E3-C17FA0F3FFDF}.Debug|Any CPU.ActiveCfg = Debug|Any CPU
		{5894B5DC-A150-F945-35E3-C17FA0F3FFDF}.Debug|Any CPU.Build.0 = Debug|Any CPU
		{5894B5DC-A150-F945-35E3-C17FA0F3FFDF}.Release|Any CPU.ActiveCfg = Release|Any CPU
		{5894B5DC-A150-F945-35E3-C17FA0F3FFDF}.Release|Any CPU.Build.0 = Release|Any CPU
		{18BA1D8C-6CBF-C35D-082E-1DAD4960C0FD}.Debug|Any CPU.ActiveCfg = Debug|Any CPU
		{18BA1D8C-6CBF-C35D-082E-1DAD4960C0FD}.Debug|Any CPU.Build.0 = Debug|Any CPU
		{18BA1D8C-6CBF-C35D-082E-1DAD4960C0FD}.Release|Any CPU.ActiveCfg = Release|Any CPU
		{18BA1D8C-6CBF-C35D-082E-1DAD4960C0FD}.Release|Any CPU.Build.0 = Release|Any CPU
		{2F78AEDE-CD16-B2DC-591A-5B25519BCC51}.Debug|Any CPU.ActiveCfg = Debug|Any CPU
		{2F78AEDE-CD16-B2DC-591A-5B25519BCC51}.Debug|Any CPU.Build.0 = Debug|Any CPU
		{2F78AEDE-CD16-B2DC-591A-5B25519BCC51}.Release|Any CPU.ActiveCfg = Release|Any CPU
		{2F78AEDE-CD16-B2DC-591A-5B25519BCC51}.Release|Any CPU.Build.0 = Release|Any CPU
	EndGlobalSection
	GlobalSection(SolutionProperties) = preSolution
		HideSolutionNode = FALSE
	EndGlobalSection
EndGlobal
